// !$*UTF8*$!
{
	archiveVersion = 1;
	classes = {
	};
	objectVersion = 56;
	objects = {

/* Begin PBXBuildFile section */
		F40672BD2A05E15700CB25F9 /* AppDelegate.swift in Sources */ = {isa = PBXBuildFile; fileRef = F40672BC2A05E15700CB25F9 /* AppDelegate.swift */; };
		F40672BF2A05E15700CB25F9 /* SceneDelegate.swift in Sources */ = {isa = PBXBuildFile; fileRef = F40672BE2A05E15700CB25F9 /* SceneDelegate.swift */; };
		F40672C12A05E15700CB25F9 /* ViewController.swift in Sources */ = {isa = PBXBuildFile; fileRef = F40672C02A05E15700CB25F9 /* ViewController.swift */; };
		F40672C42A05E15700CB25F9 /* Main.storyboard in Resources */ = {isa = PBXBuildFile; fileRef = F40672C22A05E15700CB25F9 /* Main.storyboard */; };
		F40672C62A05E15D00CB25F9 /* Assets.xcassets in Resources */ = {isa = PBXBuildFile; fileRef = F40672C52A05E15D00CB25F9 /* Assets.xcassets */; };
		F40672C92A05E15D00CB25F9 /* LaunchScreen.storyboard in Resources */ = {isa = PBXBuildFile; fileRef = F40672C72A05E15D00CB25F9 /* LaunchScreen.storyboard */; };
		F40672EA2A05E19800CB25F9 /* bgBlue.png in Resources */ = {isa = PBXBuildFile; fileRef = F40672D22A05E19700CB25F9 /* bgBlue.png */; };
		F40672EB2A05E19800CB25F9 /* bgGreen.png in Resources */ = {isa = PBXBuildFile; fileRef = F40672D32A05E19700CB25F9 /* bgGreen.png */; };
		F40672EC2A05E19800CB25F9 /* gacha.png in Resources */ = {isa = PBXBuildFile; fileRef = F40672D42A05E19700CB25F9 /* gacha.png */; };
		F40672ED2A05E19800CB25F9 /* bgRed.png in Resources */ = {isa = PBXBuildFile; fileRef = F40672D52A05E19700CB25F9 /* bgRed.png */; };
		F40672EE2A05E19800CB25F9 /* Presentbox.png in Resources */ = {isa = PBXBuildFile; fileRef = F40672D62A05E19700CB25F9 /* Presentbox.png */; };
		F40672EF2A05E19800CB25F9 /* mediaArt.png in Resources */ = {isa = PBXBuildFile; fileRef = F40672D82A05E19700CB25F9 /* mediaArt.png */; };
		F40672F02A05E19800CB25F9 /* digitalMusic.png in Resources */ = {isa = PBXBuildFile; fileRef = F40672D92A05E19700CB25F9 /* digitalMusic.png */; };
		F40672F12A05E19800CB25F9 /* unity.png in Resources */ = {isa = PBXBuildFile; fileRef = F40672DA2A05E19700CB25F9 /* unity.png */; };
		F40672F22A05E19800CB25F9 /* designer.png in Resources */ = {isa = PBXBuildFile; fileRef = F40672DB2A05E19700CB25F9 /* designer.png */; };
		F40672F32A05E19800CB25F9 /* movie.png in Resources */ = {isa = PBXBuildFile; fileRef = F40672DC2A05E19700CB25F9 /* movie.png */; };
		F40672F42A05E19800CB25F9 /* animation.png in Resources */ = {isa = PBXBuildFile; fileRef = F40672DD2A05E19700CB25F9 /* animation.png */; };
		F40672F52A05E19800CB25F9 /* webService.png in Resources */ = {isa = PBXBuildFile; fileRef = F40672DE2A05E19700CB25F9 /* webService.png */; };
		F40672F62A05E19800CB25F9 /* android.png in Resources */ = {isa = PBXBuildFile; fileRef = F40672DF2A05E19700CB25F9 /* android.png */; };
		F40672F72A05E19800CB25F9 /* IoTMesh.png in Resources */ = {isa = PBXBuildFile; fileRef = F40672E02A05E19700CB25F9 /* IoTMesh.png */; };
		F40672F82A05E19800CB25F9 /* minecraft.png in Resources */ = {isa = PBXBuildFile; fileRef = F40672E12A05E19700CB25F9 /* minecraft.png */; };
		F40672F92A05E19800CB25F9 /* maya.png in Resources */ = {isa = PBXBuildFile; fileRef = F40672E22A05E19700CB25F9 /* maya.png */; };
		F40672FA2A05E19800CB25F9 /* iphone.png in Resources */ = {isa = PBXBuildFile; fileRef = F40672E32A05E19700CB25F9 /* iphone.png */; };
		F40672FB2A05E19800CB25F9 /* webDesign.png in Resources */ = {isa = PBXBuildFile; fileRef = F40672E42A05E19700CB25F9 /* webDesign.png */; };
		F40672FC2A05E19800CB25F9 /* README.txt in Resources */ = {isa = PBXBuildFile; fileRef = F40672E52A05E19700CB25F9 /* README.txt */; };
		F40672FD2A05E19800CB25F9 /* miku.png in Resources */ = {isa = PBXBuildFile; fileRef = F40672E62A05E19700CB25F9 /* miku.png */; };
		F40672FE2A05E19800CB25F9 /* 2DGame.png in Resources */ = {isa = PBXBuildFile; fileRef = F40672E72A05E19700CB25F9 /* 2DGame.png */; };
		F40672FF2A05E19800CB25F9 /* line.png in Resources */ = {isa = PBXBuildFile; fileRef = F40672E82A05E19700CB25F9 /* line.png */; };
		F40673002A05E19800CB25F9 /* camera.png in Resources */ = {isa = PBXBuildFile; fileRef = F40672E92A05E19700CB25F9 /* camera.png */; };
		F40673022A05E6EE00CB25F9 /* ResultViewController.swift in Sources */ = {isa = PBXBuildFile; fileRef = F40673012A05E6EE00CB25F9 /* ResultViewController.swift */; };
/* End PBXBuildFile section */

/* Begin PBXFileReference section */
		F40672B92A05E15700CB25F9 /* Gacha.app */ = {isa = PBXFileReference; explicitFileType = wrapper.application; includeInIndex = 0; path = Gacha.app; sourceTree = BUILT_PRODUCTS_DIR; };
		F40672BC2A05E15700CB25F9 /* AppDelegate.swift */ = {isa = PBXFileReference; lastKnownFileType = sourcecode.swift; path = AppDelegate.swift; sourceTree = "<group>"; };
		F40672BE2A05E15700CB25F9 /* SceneDelegate.swift */ = {isa = PBXFileReference; lastKnownFileType = sourcecode.swift; path = SceneDelegate.swift; sourceTree = "<group>"; };
		F40672C02A05E15700CB25F9 /* ViewController.swift */ = {isa = PBXFileReference; lastKnownFileType = sourcecode.swift; path = ViewController.swift; sourceTree = "<group>"; };
		F40672C32A05E15700CB25F9 /* Base */ = {isa = PBXFileReference; lastKnownFileType = file.storyboard; name = Base; path = Base.lproj/Main.storyboard; sourceTree = "<group>"; };
		F40672C52A05E15D00CB25F9 /* Assets.xcassets */ = {isa = PBXFileReference; lastKnownFileType = folder.assetcatalog; path = Assets.xcassets; sourceTree = "<group>"; };
		F40672C82A05E15D00CB25F9 /* Base */ = {isa = PBXFileReference; lastKnownFileType = file.storyboard; name = Base; path = Base.lproj/LaunchScreen.storyboard; sourceTree = "<group>"; };
		F40672CA2A05E15D00CB25F9 /* Info.plist */ = {isa = PBXFileReference; lastKnownFileType = text.plist.xml; path = Info.plist; sourceTree = "<group>"; };
		F40672D22A05E19700CB25F9 /* bgBlue.png */ = {isa = PBXFileReference; lastKnownFileType = image.png; path = bgBlue.png; sourceTree = "<group>"; };
		F40672D32A05E19700CB25F9 /* bgGreen.png */ = {isa = PBXFileReference; lastKnownFileType = image.png; path = bgGreen.png; sourceTree = "<group>"; };
		F40672D42A05E19700CB25F9 /* gacha.png */ = {isa = PBXFileReference; lastKnownFileType = image.png; path = gacha.png; sourceTree = "<group>"; };
		F40672D52A05E19700CB25F9 /* bgRed.png */ = {isa = PBXFileReference; lastKnownFileType = image.png; path = bgRed.png; sourceTree = "<group>"; };
		F40672D62A05E19700CB25F9 /* Presentbox.png */ = {isa = PBXFileReference; lastKnownFileType = image.png; path = Presentbox.png; sourceTree = "<group>"; };
		F40672D82A05E19700CB25F9 /* mediaArt.png */ = {isa = PBXFileReference; lastKnownFileType = image.png; path = mediaArt.png; sourceTree = "<group>"; };
		F40672D92A05E19700CB25F9 /* digitalMusic.png */ = {isa = PBXFileReference; lastKnownFileType = image.png; path = digitalMusic.png; sourceTree = "<group>"; };
		F40672DA2A05E19700CB25F9 /* unity.png */ = {isa = PBXFileReference; lastKnownFileType = image.png; path = unity.png; sourceTree = "<group>"; };
		F40672DB2A05E19700CB25F9 /* designer.png */ = {isa = PBXFileReference; lastKnownFileType = image.png; path = designer.png; sourceTree = "<group>"; };
		F40672DC2A05E19700CB25F9 /* movie.png */ = {isa = PBXFileReference; lastKnownFileType = image.png; path = movie.png; sourceTree = "<group>"; };
		F40672DD2A05E19700CB25F9 /* animation.png */ = {isa = PBXFileReference; lastKnownFileType = image.png; path = animation.png; sourceTree = "<group>"; };
		F40672DE2A05E19700CB25F9 /* webService.png */ = {isa = PBXFileReference; lastKnownFileType = image.png; path = webService.png; sourceTree = "<group>"; };
		F40672DF2A05E19700CB25F9 /* android.png */ = {isa = PBXFileReference; lastKnownFileType = image.png; path = android.png; sourceTree = "<group>"; };
		F40672E02A05E19700CB25F9 /* IoTMesh.png */ = {isa = PBXFileReference; lastKnownFileType = image.png; path = IoTMesh.png; sourceTree = "<group>"; };
		F40672E12A05E19700CB25F9 /* minecraft.png */ = {isa = PBXFileReference; lastKnownFileType = image.png; path = minecraft.png; sourceTree = "<group>"; };
		F40672E22A05E19700CB25F9 /* maya.png */ = {isa = PBXFileReference; lastKnownFileType = image.png; path = maya.png; sourceTree = "<group>"; };
		F40672E32A05E19700CB25F9 /* iphone.png */ = {isa = PBXFileReference; lastKnownFileType = image.png; path = iphone.png; sourceTree = "<group>"; };
		F40672E42A05E19700CB25F9 /* webDesign.png */ = {isa = PBXFileReference; lastKnownFileType = image.png; path = webDesign.png; sourceTree = "<group>"; };
		F40672E52A05E19700CB25F9 /* README.txt */ = {isa = PBXFileReference; fileEncoding = 4; lastKnownFileType = text; path = README.txt; sourceTree = "<group>"; };
		F40672E62A05E19700CB25F9 /* miku.png */ = {isa = PBXFileReference; lastKnownFileType = image.png; path = miku.png; sourceTree = "<group>"; };
		F40672E72A05E19700CB25F9 /* 2DGame.png */ = {isa = PBXFileReference; lastKnownFileType = image.png; path = 2DGame.png; sourceTree = "<group>"; };
		F40672E82A05E19700CB25F9 /* line.png */ = {isa = PBXFileReference; lastKnownFileType = image.png; path = line.png; sourceTree = "<group>"; };
		F40672E92A05E19700CB25F9 /* camera.png */ = {isa = PBXFileReference; lastKnownFileType = image.png; path = camera.png; sourceTree = "<group>"; };
		F40673012A05E6EE00CB25F9 /* ResultViewController.swift */ = {isa = PBXFileReference; lastKnownFileType = sourcecode.swift; path = ResultViewController.swift; sourceTree = "<group>"; };
/* End PBXFileReference section */

/* Begin PBXFrameworksBuildPhase section */
		F40672B62A05E15700CB25F9 /* Frameworks */ = {
			isa = PBXFrameworksBuildPhase;
			buildActionMask = 2147483647;
			files = (
			);
			runOnlyForDeploymentPostprocessing = 0;
		};
/* End PBXFrameworksBuildPhase section */

/* Begin PBXGroup section */
		F40672B02A05E15700CB25F9 = {
			isa = PBXGroup;
			children = (
				F40672BB2A05E15700CB25F9 /* Gacha */,
				F40672BA2A05E15700CB25F9 /* Products */,
			);
			sourceTree = "<group>";
		};
		F40672BA2A05E15700CB25F9 /* Products */ = {
			isa = PBXGroup;
			children = (
				F40672B92A05E15700CB25F9 /* Gacha.app */,
			);
			name = Products;
			sourceTree = "<group>";
		};
		F40672BB2A05E15700CB25F9 /* Gacha */ = {
			isa = PBXGroup;
			children = (
				F40672BC2A05E15700CB25F9 /* AppDelegate.swift */,
				F40672BE2A05E15700CB25F9 /* SceneDelegate.swift */,
				F40672C02A05E15700CB25F9 /* ViewController.swift */,
				F40672C22A05E15700CB25F9 /* Main.storyboard */,
				F40672C52A05E15D00CB25F9 /* Assets.xcassets */,
				F40672C72A05E15D00CB25F9 /* LaunchScreen.storyboard */,
				F40672CA2A05E15D00CB25F9 /* Info.plist */,
				F40672D02A05E19700CB25F9 /* GachaResources */,
				F40673012A05E6EE00CB25F9 /* ResultViewController.swift */,
			);
			path = Gacha;
			sourceTree = "<group>";
		};
		F40672D02A05E19700CB25F9 /* GachaResources */ = {
			isa = PBXGroup;
			children = (
				F40672D12A05E19700CB25F9 /* background */,
				F40672D72A05E19700CB25F9 /* character */,
			);
			path = GachaResources;
			sourceTree = "<group>";
		};
		F40672D12A05E19700CB25F9 /* background */ = {
			isa = PBXGroup;
			children = (
				F40672D22A05E19700CB25F9 /* bgBlue.png */,
				F40672D32A05E19700CB25F9 /* bgGreen.png */,
				F40672D42A05E19700CB25F9 /* gacha.png */,
				F40672D52A05E19700CB25F9 /* bgRed.png */,
				F40672D62A05E19700CB25F9 /* Presentbox.png */,
			);
			path = background;
			sourceTree = "<group>";
		};
		F40672D72A05E19700CB25F9 /* character */ = {
			isa = PBXGroup;
			children = (
				F40672D82A05E19700CB25F9 /* mediaArt.png */,
				F40672D92A05E19700CB25F9 /* digitalMusic.png */,
				F40672DA2A05E19700CB25F9 /* unity.png */,
				F40672DB2A05E19700CB25F9 /* designer.png */,
				F40672DC2A05E19700CB25F9 /* movie.png */,
				F40672DD2A05E19700CB25F9 /* animation.png */,
				F40672DE2A05E19700CB25F9 /* webService.png */,
				F40672DF2A05E19700CB25F9 /* android.png */,
				F40672E02A05E19700CB25F9 /* IoTMesh.png */,
				F40672E12A05E19700CB25F9 /* minecraft.png */,
				F40672E22A05E19700CB25F9 /* maya.png */,
				F40672E32A05E19700CB25F9 /* iphone.png */,
				F40672E42A05E19700CB25F9 /* webDesign.png */,
				F40672E52A05E19700CB25F9 /* README.txt */,
				F40672E62A05E19700CB25F9 /* miku.png */,
				F40672E72A05E19700CB25F9 /* 2DGame.png */,
				F40672E82A05E19700CB25F9 /* line.png */,
				F40672E92A05E19700CB25F9 /* camera.png */,
			);
			path = character;
			sourceTree = "<group>";
		};
/* End PBXGroup section */

/* Begin PBXNativeTarget section */
		F40672B82A05E15700CB25F9 /* Gacha */ = {
			isa = PBXNativeTarget;
			buildConfigurationList = F40672CD2A05E15D00CB25F9 /* Build configuration list for PBXNativeTarget "Gacha" */;
			buildPhases = (
				F40672B52A05E15700CB25F9 /* Sources */,
				F40672B62A05E15700CB25F9 /* Frameworks */,
				F40672B72A05E15700CB25F9 /* Resources */,
			);
			buildRules = (
			);
			dependencies = (
			);
			name = Gacha;
			productName = Gacha;
			productReference = F40672B92A05E15700CB25F9 /* Gacha.app */;
			productType = "com.apple.product-type.application";
		};
/* End PBXNativeTarget section */

/* Begin PBXProject section */
		F40672B12A05E15700CB25F9 /* Project object */ = {
			isa = PBXProject;
			attributes = {
				BuildIndependentTargetsInParallel = 1;
				LastSwiftUpdateCheck = 1430;
				LastUpgradeCheck = 1430;
				TargetAttributes = {
					F40672B82A05E15700CB25F9 = {
						CreatedOnToolsVersion = 14.3;
					};
				};
			};
			buildConfigurationList = F40672B42A05E15700CB25F9 /* Build configuration list for PBXProject "Gacha" */;
			compatibilityVersion = "Xcode 14.0";
			developmentRegion = en;
			hasScannedForEncodings = 0;
			knownRegions = (
				en,
				Base,
			);
			mainGroup = F40672B02A05E15700CB25F9;
			productRefGroup = F40672BA2A05E15700CB25F9 /* Products */;
			projectDirPath = "";
			projectRoot = "";
			targets = (
				F40672B82A05E15700CB25F9 /* Gacha */,
			);
		};
/* End PBXProject section */

/* Begin PBXResourcesBuildPhase section */
		F40672B72A05E15700CB25F9 /* Resources */ = {
			isa = PBXResourcesBuildPhase;
			buildActionMask = 2147483647;
			files = (
				F40672C92A05E15D00CB25F9 /* LaunchScreen.storyboard in Resources */,
				F40672EF2A05E19800CB25F9 /* mediaArt.png in Resources */,
				F40672FC2A05E19800CB25F9 /* README.txt in Resources */,
				F40672F02A05E19800CB25F9 /* digitalMusic.png in Resources */,
				F40672ED2A05E19800CB25F9 /* bgRed.png in Resources */,
				F40672F32A05E19800CB25F9 /* movie.png in Resources */,
				F40673002A05E19800CB25F9 /* camera.png in Resources */,
				F40672F82A05E19800CB25F9 /* minecraft.png in Resources */,
				F40672FB2A05E19800CB25F9 /* webDesign.png in Resources */,
				F40672F22A05E19800CB25F9 /* designer.png in Resources */,
				F40672F52A05E19800CB25F9 /* webService.png in Resources */,
				F40672C62A05E15D00CB25F9 /* Assets.xcassets in Resources */,
				F40672EE2A05E19800CB25F9 /* Presentbox.png in Resources */,
				F40672F12A05E19800CB25F9 /* unity.png in Resources */,
				F40672FE2A05E19800CB25F9 /* 2DGame.png in Resources */,
				F40672F72A05E19800CB25F9 /* IoTMesh.png in Resources */,
				F40672FA2A05E19800CB25F9 /* iphone.png in Resources */,
				F40672FF2A05E19800CB25F9 /* line.png in Resources */,
				F40672F92A05E19800CB25F9 /* maya.png in Resources */,
				F40672FD2A05E19800CB25F9 /* miku.png in Resources */,
				F40672EB2A05E19800CB25F9 /* bgGreen.png in Resources */,
				F40672EA2A05E19800CB25F9 /* bgBlue.png in Resources */,
				F40672EC2A05E19800CB25F9 /* gacha.png in Resources */,
				F40672F42A05E19800CB25F9 /* animation.png in Resources */,
				F40672C42A05E15700CB25F9 /* Main.storyboard in Resources */,
				F40672F62A05E19800CB25F9 /* android.png in Resources */,
			);
			runOnlyForDeploymentPostprocessing = 0;
		};
/* End PBXResourcesBuildPhase section */

/* Begin PBXSourcesBuildPhase section */
		F40672B52A05E15700CB25F9 /* Sources */ = {
			isa = PBXSourcesBuildPhase;
			buildActionMask = 2147483647;
			files = (
				F40672C12A05E15700CB25F9 /* ViewController.swift in Sources */,
				F40672BD2A05E15700CB25F9 /* AppDelegate.swift in Sources */,
				F40672BF2A05E15700CB25F9 /* SceneDelegate.swift in Sources */,
				F40673022A05E6EE00CB25F9 /* ResultViewController.swift in Sources */,
			);
			runOnlyForDeploymentPostprocessing = 0;
		};
/* End PBXSourcesBuildPhase section */

/* Begin PBXVariantGroup section */
		F40672C22A05E15700CB25F9 /* Main.storyboard */ = {
			isa = PBXVariantGroup;
			children = (
				F40672C32A05E15700CB25F9 /* Base */,
			);
			name = Main.storyboard;
			sourceTree = "<group>";
		};
		F40672C72A05E15D00CB25F9 /* LaunchScreen.storyboard */ = {
			isa = PBXVariantGroup;
			children = (
				F40672C82A05E15D00CB25F9 /* Base */,
			);
			name = LaunchScreen.storyboard;
			sourceTree = "<group>";
		};
/* End PBXVariantGroup section */

/* Begin XCBuildConfiguration section */
		F40672CB2A05E15D00CB25F9 /* Debug */ = {
			isa = XCBuildConfiguration;
			buildSettings = {
				ALWAYS_SEARCH_USER_PATHS = NO;
				CLANG_ANALYZER_NONNULL = YES;
				CLANG_ANALYZER_NUMBER_OBJECT_CONVERSION = YES_AGGRESSIVE;
				CLANG_CXX_LANGUAGE_STANDARD = "gnu++20";
				CLANG_ENABLE_MODULES = YES;
				CLANG_ENABLE_OBJC_ARC = YES;
				CLANG_ENABLE_OBJC_WEAK = YES;
				CLANG_WARN_BLOCK_CAPTURE_AUTORELEASING = YES;
				CLANG_WARN_BOOL_CONVERSION = YES;
				CLANG_WARN_COMMA = YES;
				CLANG_WARN_CONSTANT_CONVERSION = YES;
				CLANG_WARN_DEPRECATED_OBJC_IMPLEMENTATIONS = YES;
				CLANG_WARN_DIRECT_OBJC_ISA_USAGE = YES_ERROR;
				CLANG_WARN_DOCUMENTATION_COMMENTS = YES;
				CLANG_WARN_EMPTY_BODY = YES;
				CLANG_WARN_ENUM_CONVERSION = YES;
				CLANG_WARN_INFINITE_RECURSION = YES;
				CLANG_WARN_INT_CONVERSION = YES;
				CLANG_WARN_NON_LITERAL_NULL_CONVERSION = YES;
				CLANG_WARN_OBJC_IMPLICIT_RETAIN_SELF = YES;
				CLANG_WARN_OBJC_LITERAL_CONVERSION = YES;
				CLANG_WARN_OBJC_ROOT_CLASS = YES_ERROR;
				CLANG_WARN_QUOTED_INCLUDE_IN_FRAMEWORK_HEADER = YES;
				CLANG_WARN_RANGE_LOOP_ANALYSIS = YES;
				CLANG_WARN_STRICT_PROTOTYPES = YES;
				CLANG_WARN_SUSPICIOUS_MOVE = YES;
				CLANG_WARN_UNGUARDED_AVAILABILITY = YES_AGGRESSIVE;
				CLANG_WARN_UNREACHABLE_CODE = YES;
				CLANG_WARN__DUPLICATE_METHOD_MATCH = YES;
				COPY_PHASE_STRIP = NO;
				DEBUG_INFORMATION_FORMAT = dwarf;
				ENABLE_STRICT_OBJC_MSGSEND = YES;
				ENABLE_TESTABILITY = YES;
				GCC_C_LANGUAGE_STANDARD = gnu11;
				GCC_DYNAMIC_NO_PIC = NO;
				GCC_NO_COMMON_BLOCKS = YES;
				GCC_OPTIMIZATION_LEVEL = 0;
				GCC_PREPROCESSOR_DEFINITIONS = (
					"DEBUG=1",
					"$(inherited)",
				);
				GCC_WARN_64_TO_32_BIT_CONVERSION = YES;
				GCC_WARN_ABOUT_RETURN_TYPE = YES_ERROR;
				GCC_WARN_UNDECLARED_SELECTOR = YES;
				GCC_WARN_UNINITIALIZED_AUTOS = YES_AGGRESSIVE;
				GCC_WARN_UNUSED_FUNCTION = YES;
				GCC_WARN_UNUSED_VARIABLE = YES;
				IPHONEOS_DEPLOYMENT_TARGET = 16.4;
				MTL_ENABLE_DEBUG_INFO = INCLUDE_SOURCE;
				MTL_FAST_MATH = YES;
				ONLY_ACTIVE_ARCH = YES;
				SDKROOT = iphoneos;
				SWIFT_ACTIVE_COMPILATION_CONDITIONS = DEBUG;
				SWIFT_OPTIMIZATION_LEVEL = "-Onone";
			};
			name = Debug;
		};
		F40672CC2A05E15D00CB25F9 /* Release */ = {
			isa = XCBuildConfiguration;
			buildSettings = {
				ALWAYS_SEARCH_USER_PATHS = NO;
				CLANG_ANALYZER_NONNULL = YES;
				CLANG_ANALYZER_NUMBER_OBJECT_CONVERSION = YES_AGGRESSIVE;
				CLANG_CXX_LANGUAGE_STANDARD = "gnu++20";
				CLANG_ENABLE_MODULES = YES;
				CLANG_ENABLE_OBJC_ARC = YES;
				CLANG_ENABLE_OBJC_WEAK = YES;
				CLANG_WARN_BLOCK_CAPTURE_AUTORELEASING = YES;
				CLANG_WARN_BOOL_CONVERSION = YES;
				CLANG_WARN_COMMA = YES;
				CLANG_WARN_CONSTANT_CONVERSION = YES;
				CLANG_WARN_DEPRECATED_OBJC_IMPLEMENTATIONS = YES;
				CLANG_WARN_DIRECT_OBJC_ISA_USAGE = YES_ERROR;
				CLANG_WARN_DOCUMENTATION_COMMENTS = YES;
				CLANG_WARN_EMPTY_BODY = YES;
				CLANG_WARN_ENUM_CONVERSION = YES;
				CLANG_WARN_INFINITE_RECURSION = YES;
				CLANG_WARN_INT_CONVERSION = YES;
				CLANG_WARN_NON_LITERAL_NULL_CONVERSION = YES;
				CLANG_WARN_OBJC_IMPLICIT_RETAIN_SELF = YES;
				CLANG_WARN_OBJC_LITERAL_CONVERSION = YES;
				CLANG_WARN_OBJC_ROOT_CLASS = YES_ERROR;
				CLANG_WARN_QUOTED_INCLUDE_IN_FRAMEWORK_HEADER = YES;
				CLANG_WARN_RANGE_LOOP_ANALYSIS = YES;
				CLANG_WARN_STRICT_PROTOTYPES = YES;
				CLANG_WARN_SUSPICIOUS_MOVE = YES;
				CLANG_WARN_UNGUARDED_AVAILABILITY = YES_AGGRESSIVE;
				CLANG_WARN_UNREACHABLE_CODE = YES;
				CLANG_WARN__DUPLICATE_METHOD_MATCH = YES;
				COPY_PHASE_STRIP = NO;
				DEBUG_INFORMATION_FORMAT = "dwarf-with-dsym";
				ENABLE_NS_ASSERTIONS = NO;
				ENABLE_STRICT_OBJC_MSGSEND = YES;
				GCC_C_LANGUAGE_STANDARD = gnu11;
				GCC_NO_COMMON_BLOCKS = YES;
				GCC_WARN_64_TO_32_BIT_CONVERSION = YES;
				GCC_WARN_ABOUT_RETURN_TYPE = YES_ERROR;
				GCC_WARN_UNDECLARED_SELECTOR = YES;
				GCC_WARN_UNINITIALIZED_AUTOS = YES_AGGRESSIVE;
				GCC_WARN_UNUSED_FUNCTION = YES;
				GCC_WARN_UNUSED_VARIABLE = YES;
				IPHONEOS_DEPLOYMENT_TARGET = 16.4;
				MTL_ENABLE_DEBUG_INFO = NO;
				MTL_FAST_MATH = YES;
				SDKROOT = iphoneos;
				SWIFT_COMPILATION_MODE = wholemodule;
				SWIFT_OPTIMIZATION_LEVEL = "-O";
				VALIDATE_PRODUCT = YES;
			};
			name = Release;
		};
		F40672CE2A05E15D00CB25F9 /* Debug */ = {
			isa = XCBuildConfiguration;
			buildSettings = {
				ASSETCATALOG_COMPILER_APPICON_NAME = AppIcon;
				ASSETCATALOG_COMPILER_GLOBAL_ACCENT_COLOR_NAME = AccentColor;
				CODE_SIGN_STYLE = Automatic;
				CURRENT_PROJECT_VERSION = 1;
				GENERATE_INFOPLIST_FILE = YES;
				INFOPLIST_FILE = Gacha/Info.plist;
				INFOPLIST_KEY_UIApplicationSupportsIndirectInputEvents = YES;
				INFOPLIST_KEY_UILaunchStoryboardName = LaunchScreen;
				INFOPLIST_KEY_UIMainStoryboardFile = Main;
				INFOPLIST_KEY_UISupportedInterfaceOrientations_iPad = "UIInterfaceOrientationPortrait UIInterfaceOrientationPortraitUpsideDown UIInterfaceOrientationLandscapeLeft UIInterfaceOrientationLandscapeRight";
				INFOPLIST_KEY_UISupportedInterfaceOrientations_iPhone = "UIInterfaceOrientationPortrait UIInterfaceOrientationLandscapeLeft UIInterfaceOrientationLandscapeRight";
				LD_RUNPATH_SEARCH_PATHS = (
					"$(inherited)",
					"@executable_path/Frameworks",
				);
				MARKETING_VERSION = 1.0;
				PRODUCT_BUNDLE_IDENTIFIER = app.wada.wadachi.Gacha;
				PRODUCT_NAME = "$(TARGET_NAME)";
				SWIFT_EMIT_LOC_STRINGS = YES;
				SWIFT_VERSION = 5.0;
				TARGETED_DEVICE_FAMILY = "1,2";
			};
			name = Debug;
		};
		F40672CF2A05E15D00CB25F9 /* Release */ = {
			isa = XCBuildConfiguration;
			buildSettings = {
				ASSETCATALOG_COMPILER_APPICON_NAME = AppIcon;
				ASSETCATALOG_COMPILER_GLOBAL_ACCENT_COLOR_NAME = AccentColor;
				CODE_SIGN_STYLE = Automatic;
				CURRENT_PROJECT_VERSION = 1;
				GENERATE_INFOPLIST_FILE = YES;
				INFOPLIST_FILE = Gacha/Info.plist;
				INFOPLIST_KEY_UIApplicationSupportsIndirectInputEvents = YES;
				INFOPLIST_KEY_UILaunchStoryboardName = LaunchScreen;
				INFOPLIST_KEY_UIMainStoryboardFile = Main;
				INFOPLIST_KEY_UISupportedInterfaceOrientations_iPad = "UIInterfaceOrientationPortrait UIInterfaceOrientationPortraitUpsideDown UIInterfaceOrientationLandscapeLeft UIInterfaceOrientationLandscapeRight";
				INFOPLIST_KEY_UISupportedInterfaceOrientations_iPhone = "UIInterfaceOrientationPortrait UIInterfaceOrientationLandscapeLeft UIInterfaceOrientationLandscapeRight";
				LD_RUNPATH_SEARCH_PATHS = (
					"$(inherited)",
					"@executable_path/Frameworks",
				);
				MARKETING_VERSION = 1.0;
				PRODUCT_BUNDLE_IDENTIFIER = app.wada.wadachi.Gacha;
				PRODUCT_NAME = "$(TARGET_NAME)";
				SWIFT_EMIT_LOC_STRINGS = YES;
				SWIFT_VERSION = 5.0;
				TARGETED_DEVICE_FAMILY = "1,2";
			};
			name = Release;
		};
/* End XCBuildConfiguration section */

/* Begin XCConfigurationList section */
		F40672B42A05E15700CB25F9 /* Build configuration list for PBXProject "Gacha" */ = {
			isa = XCConfigurationList;
			buildConfigurations = (
				F40672CB2A05E15D00CB25F9 /* Debug */,
				F40672CC2A05E15D00CB25F9 /* Release */,
			);
			defaultConfigurationIsVisible = 0;
			defaultConfigurationName = Release;
		};
		F40672CD2A05E15D00CB25F9 /* Build configuration list for PBXNativeTarget "Gacha" */ = {
			isa = XCConfigurationList;
			buildConfigurations = (
				F40672CE2A05E15D00CB25F9 /* Debug */,
				F40672CF2A05E15D00CB25F9 /* Release */,
			);
			defaultConfigurationIsVisible = 0;
			defaultConfigurationName = Release;
		};
/* End XCConfigurationList section */
	};
	rootObject = F40672B12A05E15700CB25F9 /* Project object */;
}
